speakeasyVersion: 1.687.1
sources:
    my-source:
        sourceNamespace: my-source
        sourceRevisionDigest: sha256:10417164f344ce903fc297b588f7bdb97190edd2487e9ac89a0cf4af7661e679
        sourceBlobDigest: sha256:d95324db1aa6a5749a0987c385a97c393eae740cf660180dfa2770c970549d22
        tags:
            - latest
            - speakeasy-sdk-regen-1768610327
            - "1.0"
targets:
    python-target:
        source: my-source
        sourceNamespace: my-source
        sourceRevisionDigest: sha256:10417164f344ce903fc297b588f7bdb97190edd2487e9ac89a0cf4af7661e679
        sourceBlobDigest: sha256:d95324db1aa6a5749a0987c385a97c393eae740cf660180dfa2770c970549d22
        codeSamplesNamespace: my-source-python-code-samples
        codeSamplesRevisionDigest: sha256:a4485c8289683975996279a6f6dd349a5b0db39240ddc14a740b161a801cf692
workflow:
    workflowVersion: 1.0.0
    speakeasyVersion: latest
    sources:
        my-source:
            inputs:
                - location: https://api.unified.to/openapi.json
            registry:
                location: registry.speakeasyapi.dev/unified/unified/my-source
    targets:
        python-target:
            target: python
            source: my-source
            publish:
                pypi:
                    token: $PYPI_TOKEN
            codeSamples:
                registry:
                    location: registry.speakeasyapi.dev/unified/unified/my-source-python-code-samples
                blocking: false
