speakeasyVersion: 1.552.0
sources:
    my-source:
        sourceNamespace: my-source
        sourceRevisionDigest: sha256:f988a4d8dd203de7252358faa85aabf6d984cd80099583a0fedaca9af0a86d88
        sourceBlobDigest: sha256:a353a302aa8ab0a1f0c79c74a267f813a9ccf5fafd278b9d2e62e5804493e568
        tags:
            - latest
            - speakeasy-sdk-regen-1748392527
            - "1.0"
targets:
    python-target:
        source: my-source
        sourceNamespace: my-source
        sourceRevisionDigest: sha256:f988a4d8dd203de7252358faa85aabf6d984cd80099583a0fedaca9af0a86d88
        sourceBlobDigest: sha256:a353a302aa8ab0a1f0c79c74a267f813a9ccf5fafd278b9d2e62e5804493e568
        codeSamplesNamespace: my-source-python-code-samples
        codeSamplesRevisionDigest: sha256:7953ca177f3d7a0840911e8bfbfca5525d6905cf8bc1f2a6a2f6c836cc7e2828
workflow:
    workflowVersion: 1.0.0
    speakeasyVersion: latest
    sources:
        my-source:
            inputs:
                - location: https://api.unified.to/openapi.json
                  authSecret: $openapi_doc_auth_token
            registry:
                location: registry.speakeasyapi.dev/unified/unified/my-source
    targets:
        python-target:
            target: python
            source: my-source
            publish:
                pypi:
                    token: $PYPI_TOKEN
            codeSamples:
                registry:
                    location: registry.speakeasyapi.dev/unified/unified/my-source-python-code-samples
                blocking: false
