speakeasyVersion: 1.658.2
sources:
    my-source:
        sourceNamespace: my-source
        sourceRevisionDigest: sha256:2b72e6b19ba3defe84c11b059610f142269d1e101c556697cbf2737dfb1d3ce0
        sourceBlobDigest: sha256:bf0baf8935ec7bd18aa6ede052888510bf0489dc0dd0c256b8fd143076b8f224
        tags:
            - latest
            - speakeasy-sdk-regen-1763598926
            - "1.0"
targets:
    python-target:
        source: my-source
        sourceNamespace: my-source
        sourceRevisionDigest: sha256:2b72e6b19ba3defe84c11b059610f142269d1e101c556697cbf2737dfb1d3ce0
        sourceBlobDigest: sha256:bf0baf8935ec7bd18aa6ede052888510bf0489dc0dd0c256b8fd143076b8f224
        codeSamplesNamespace: my-source-python-code-samples
        codeSamplesRevisionDigest: sha256:ded7a75e3f2120db17006a9e1b1cf75e319b4816e054c3206fe88b0f840383ce
workflow:
    workflowVersion: 1.0.0
    speakeasyVersion: latest
    sources:
        my-source:
            inputs:
                - location: https://api.unified.to/openapi.json
            registry:
                location: registry.speakeasyapi.dev/unified/unified/my-source
    targets:
        python-target:
            target: python
            source: my-source
            publish:
                pypi:
                    token: $PYPI_TOKEN
            codeSamples:
                registry:
                    location: registry.speakeasyapi.dev/unified/unified/my-source-python-code-samples
                blocking: false
